
Microsoft Visual Studio Solution File, Format Version 12.00
# Visual Studio 15
VisualStudioVersion = 15.0.28010.2041
MinimumVisualStudioVersion = 10.0.40219.1
Project("{FAE04EC0-301F-11D3-BF4B-00C04F79EFBC}") = "homework", "homework\homework.csproj", "{62D1C762-64AD-42C5-BA9F-914173F117A4}"
EndProject
Project("{2150E333-8FDC-42A3-9474-1A3956D46DE8}") = "Solution Items", "Solution Items", "{5F171578-9FBB-484E-9F18-4255732DD299}"
	ProjectSection(SolutionItems) = preProject
		OpenData.cs = OpenData.cs
	EndProjectSection
EndProject
Global
	GlobalSection(SolutionConfigurationPlatforms) = preSolution
		Debug|Any CPU = Debug|Any CPU
		Release|Any CPU = Release|Any CPU
	EndGlobalSection
	GlobalSection(ProjectConfigurationPlatforms) = postSolution
		{62D1C762-64AD-42C5-BA9F-914173F117A4}.Debug|Any CPU.ActiveCfg = Debug|Any CPU
		{62D1C762-64AD-42C5-BA9F-914173F117A4}.Debug|Any CPU.Build.0 = Debug|Any CPU
		{62D1C762-64AD-42C5-BA9F-914173F117A4}.Release|Any CPU.ActiveCfg = Release|Any CPU
		{62D1C762-64AD-42C5-BA9F-914173F117A4}.Release|Any CPU.Build.0 = Release|Any CPU
	EndGlobalSection
	GlobalSection(SolutionProperties) = preSolution
		HideSolutionNode = FALSE
	EndGlobalSection
	GlobalSection(ExtensibilityGlobals) = postSolution
		SolutionGuid = {BC0A21BB-247D-48DB-9861-6F71237F2908}
	EndGlobalSection
EndGlobal
